
Microsoft Visual Studio Solution File, Format Version 10.00
# Visual Studio 2008
Project("{FAE04EC0-301F-11D3-BF4B-00C04F79EFBC}") = "arsiv", "arsiv\arsiv.csproj", "{8FD06618-E7CC-4F8D-9D8E-D6DE2321D208}"
EndProject
Project("{FAE04EC0-301F-11D3-BF4B-00C04F79EFBC}") = "deneme", "deneme\deneme.csproj", "{E81A48A4-D99F-478F-A35A-AFE66D7BE185}"
EndProject
Project("{FAE04EC0-301F-11D3-BF4B-00C04F79EFBC}") = "DatabaseSync", "DatabaseSync\DatabaseSync.csproj", "{B3FDB98A-6DC4-434A-B77E-3983DA9BC869}"
EndProject
Project("{FAE04EC0-301F-11D3-BF4B-00C04F79EFBC}") = "disposer", "disposer\disposer.csproj", "{51198D6A-9F17-47A8-9986-48EA4ADEB14F}"
EndProject
Global
	GlobalSection(SolutionConfigurationPlatforms) = preSolution
		Debug|Any CPU = Debug|Any CPU
		Release|Any CPU = Release|Any CPU
	EndGlobalSection
	GlobalSection(ProjectConfigurationPlatforms) = postSolution
		{8FD06618-E7CC-4F8D-9D8E-D6DE2321D208}.Debug|Any CPU.ActiveCfg = Debug|Any CPU
		{8FD06618-E7CC-4F8D-9D8E-D6DE2321D208}.Debug|Any CPU.Build.0 = Debug|Any CPU
		{8FD06618-E7CC-4F8D-9D8E-D6DE2321D208}.Release|Any CPU.ActiveCfg = Release|Any CPU
		{8FD06618-E7CC-4F8D-9D8E-D6DE2321D208}.Release|Any CPU.Build.0 = Release|Any CPU
		{E81A48A4-D99F-478F-A35A-AFE66D7BE185}.Debug|Any CPU.ActiveCfg = Debug|Any CPU
		{E81A48A4-D99F-478F-A35A-AFE66D7BE185}.Debug|Any CPU.Build.0 = Debug|Any CPU
		{E81A48A4-D99F-478F-A35A-AFE66D7BE185}.Release|Any CPU.ActiveCfg = Release|Any CPU
		{E81A48A4-D99F-478F-A35A-AFE66D7BE185}.Release|Any CPU.Build.0 = Release|Any CPU
		{B3FDB98A-6DC4-434A-B77E-3983DA9BC869}.Debug|Any CPU.ActiveCfg = Debug|Any CPU
		{B3FDB98A-6DC4-434A-B77E-3983DA9BC869}.Debug|Any CPU.Build.0 = Debug|Any CPU
		{B3FDB98A-6DC4-434A-B77E-3983DA9BC869}.Release|Any CPU.ActiveCfg = Release|Any CPU
		{B3FDB98A-6DC4-434A-B77E-3983DA9BC869}.Release|Any CPU.Build.0 = Release|Any CPU
		{51198D6A-9F17-47A8-9986-48EA4ADEB14F}.Debug|Any CPU.ActiveCfg = Debug|Any CPU
		{51198D6A-9F17-47A8-9986-48EA4ADEB14F}.Debug|Any CPU.Build.0 = Debug|Any CPU
		{51198D6A-9F17-47A8-9986-48EA4ADEB14F}.Release|Any CPU.ActiveCfg = Release|Any CPU
		{51198D6A-9F17-47A8-9986-48EA4ADEB14F}.Release|Any CPU.Build.0 = Release|Any CPU
	EndGlobalSection
	GlobalSection(SolutionProperties) = preSolution
		HideSolutionNode = FALSE
	EndGlobalSection
EndGlobal
